// !$*UTF8*$!
{
	archiveVersion = 1;
	classes = {
	};
	objectVersion = 46;
	objects = {

/* Begin PBXBuildFile section */
		B5BFBB6C1BB78286009960BD /* AppDelegate.swift in Sources */ = {isa = PBXBuildFile; fileRef = B5BFBB6B1BB78286009960BD /* AppDelegate.swift */; };
		B5BFBB6E1BB78286009960BD /* ViewController.swift in Sources */ = {isa = PBXBuildFile; fileRef = B5BFBB6D1BB78286009960BD /* ViewController.swift */; };
		B5BFBB711BB78286009960BD /* Main.storyboard in Resources */ = {isa = PBXBuildFile; fileRef = B5BFBB6F1BB78286009960BD /* Main.storyboard */; };
		B5BFBB731BB78286009960BD /* Assets.xcassets in Resources */ = {isa = PBXBuildFile; fileRef = B5BFBB721BB78286009960BD /* Assets.xcassets */; };
		B5BFBB761BB78286009960BD /* LaunchScreen.storyboard in Resources */ = {isa = PBXBuildFile; fileRef = B5BFBB741BB78286009960BD /* LaunchScreen.storyboard */; };
		B5BFBB811BB78286009960BD /* DYAlertMakerTests.swift in Sources */ = {isa = PBXBuildFile; fileRef = B5BFBB801BB78286009960BD /* DYAlertMakerTests.swift */; };
		B5BFBB8C1BB78286009960BD /* DYAlertMakerUITests.swift in Sources */ = {isa = PBXBuildFile; fileRef = B5BFBB8B1BB78286009960BD /* DYAlertMakerUITests.swift */; };
		B5BFBB9E1BB78DB3009960BD /* AlertMaker.m in Sources */ = {isa = PBXBuildFile; fileRef = B5BFBB9C1BB78DB3009960BD /* AlertMaker.m */; settings = {ASSET_TAGS = (); }; };
/* End PBXBuildFile section */

/* Begin PBXContainerItemProxy section */
		B5BFBB7D1BB78286009960BD /* PBXContainerItemProxy */ = {
			isa = PBXContainerItemProxy;
			containerPortal = B5BFBB601BB78286009960BD /* Project object */;
			proxyType = 1;
			remoteGlobalIDString = B5BFBB671BB78286009960BD;
			remoteInfo = DYAlertMaker;
		};
		B5BFBB881BB78286009960BD /* PBXContainerItemProxy */ = {
			isa = PBXContainerItemProxy;
			containerPortal = B5BFBB601BB78286009960BD /* Project object */;
			proxyType = 1;
			remoteGlobalIDString = B5BFBB671BB78286009960BD;
			remoteInfo = DYAlertMaker;
		};
/* End PBXContainerItemProxy section */

/* Begin PBXFileReference section */
		B5BFBB681BB78286009960BD /* DYAlertMaker.app */ = {isa = PBXFileReference; explicitFileType = wrapper.application; includeInIndex = 0; path = DYAlertMaker.app; sourceTree = BUILT_PRODUCTS_DIR; };
		B5BFBB6B1BB78286009960BD /* AppDelegate.swift */ = {isa = PBXFileReference; lastKnownFileType = sourcecode.swift; path = AppDelegate.swift; sourceTree = "<group>"; };
		B5BFBB6D1BB78286009960BD /* ViewController.swift */ = {isa = PBXFileReference; lastKnownFileType = sourcecode.swift; path = ViewController.swift; sourceTree = "<group>"; };
		B5BFBB701BB78286009960BD /* Base */ = {isa = PBXFileReference; lastKnownFileType = file.storyboard; name = Base; path = Base.lproj/Main.storyboard; sourceTree = "<group>"; };
		B5BFBB721BB78286009960BD /* Assets.xcassets */ = {isa = PBXFileReference; lastKnownFileType = folder.assetcatalog; path = Assets.xcassets; sourceTree = "<group>"; };
		B5BFBB751BB78286009960BD /* Base */ = {isa = PBXFileReference; lastKnownFileType = file.storyboard; name = Base; path = Base.lproj/LaunchScreen.storyboard; sourceTree = "<group>"; };
		B5BFBB771BB78286009960BD /* Info.plist */ = {isa = PBXFileReference; lastKnownFileType = text.plist.xml; path = Info.plist; sourceTree = "<group>"; };
		B5BFBB7C1BB78286009960BD /* DYAlertMakerTests.xctest */ = {isa = PBXFileReference; explicitFileType = wrapper.cfbundle; includeInIndex = 0; path = DYAlertMakerTests.xctest; sourceTree = BUILT_PRODUCTS_DIR; };
		B5BFBB801BB78286009960BD /* DYAlertMakerTests.swift */ = {isa = PBXFileReference; lastKnownFileType = sourcecode.swift; path = DYAlertMakerTests.swift; sourceTree = "<group>"; };
		B5BFBB821BB78286009960BD /* Info.plist */ = {isa = PBXFileReference; lastKnownFileType = text.plist.xml; path = Info.plist; sourceTree = "<group>"; };
		B5BFBB871BB78286009960BD /* DYAlertMakerUITests.xctest */ = {isa = PBXFileReference; explicitFileType = wrapper.cfbundle; includeInIndex = 0; path = DYAlertMakerUITests.xctest; sourceTree = BUILT_PRODUCTS_DIR; };
		B5BFBB8B1BB78286009960BD /* DYAlertMakerUITests.swift */ = {isa = PBXFileReference; lastKnownFileType = sourcecode.swift; path = DYAlertMakerUITests.swift; sourceTree = "<group>"; };
		B5BFBB8D1BB78286009960BD /* Info.plist */ = {isa = PBXFileReference; lastKnownFileType = text.plist.xml; path = Info.plist; sourceTree = "<group>"; };
		B5BFBB9B1BB78DB3009960BD /* DYAlertMaker-Bridging-Header.h */ = {isa = PBXFileReference; lastKnownFileType = sourcecode.c.h; path = "DYAlertMaker-Bridging-Header.h"; sourceTree = "<group>"; };
		B5BFBB9C1BB78DB3009960BD /* AlertMaker.m */ = {isa = PBXFileReference; fileEncoding = 4; lastKnownFileType = sourcecode.c.objc; path = AlertMaker.m; sourceTree = "<group>"; };
		B5BFBB9D1BB78DB3009960BD /* AlertMaker.h */ = {isa = PBXFileReference; fileEncoding = 4; lastKnownFileType = sourcecode.c.h; path = AlertMaker.h; sourceTree = "<group>"; };
/* End PBXFileReference section */

/* Begin PBXFrameworksBuildPhase section */
		B5BFBB651BB78286009960BD /* Frameworks */ = {
			isa = PBXFrameworksBuildPhase;
			buildActionMask = 2147483647;
			files = (
			);
			runOnlyForDeploymentPostprocessing = 0;
		};
		B5BFBB791BB78286009960BD /* Frameworks */ = {
			isa = PBXFrameworksBuildPhase;
			buildActionMask = 2147483647;
			files = (
			);
			runOnlyForDeploymentPostprocessing = 0;
		};
		B5BFBB841BB78286009960BD /* Frameworks */ = {
			isa = PBXFrameworksBuildPhase;
			buildActionMask = 2147483647;
			files = (
			);
			runOnlyForDeploymentPostprocessing = 0;
		};
/* End PBXFrameworksBuildPhase section */

/* Begin PBXGroup section */
		B5BFBB5F1BB78286009960BD = {
			isa = PBXGroup;
			children = (
				B5BFBB6A1BB78286009960BD /* DYAlertMaker */,
				B5BFBB7F1BB78286009960BD /* DYAlertMakerTests */,
				B5BFBB8A1BB78286009960BD /* DYAlertMakerUITests */,
				B5BFBB691BB78286009960BD /* Products */,
			);
			sourceTree = "<group>";
		};
		B5BFBB691BB78286009960BD /* Products */ = {
			isa = PBXGroup;
			children = (
				B5BFBB681BB78286009960BD /* DYAlertMaker.app */,
				B5BFBB7C1BB78286009960BD /* DYAlertMakerTests.xctest */,
				B5BFBB871BB78286009960BD /* DYAlertMakerUITests.xctest */,
			);
			name = Products;
			sourceTree = "<group>";
		};
		B5BFBB6A1BB78286009960BD /* DYAlertMaker */ = {
			isa = PBXGroup;
			children = (
				B5BFBB9C1BB78DB3009960BD /* AlertMaker.m */,
				B5BFBB9D1BB78DB3009960BD /* AlertMaker.h */,
				B5BFBB6B1BB78286009960BD /* AppDelegate.swift */,
				B5BFBB6D1BB78286009960BD /* ViewController.swift */,
				B5BFBB6F1BB78286009960BD /* Main.storyboard */,
				B5BFBB721BB78286009960BD /* Assets.xcassets */,
				B5BFBB741BB78286009960BD /* LaunchScreen.storyboard */,
				B5BFBB771BB78286009960BD /* Info.plist */,
				B5BFBB9B1BB78DB3009960BD /* DYAlertMaker-Bridging-Header.h */,
			);
			path = DYAlertMaker;
			sourceTree = "<group>";
		};
		B5BFBB7F1BB78286009960BD /* DYAlertMakerTests */ = {
			isa = PBXGroup;
			children = (
				B5BFBB801BB78286009960BD /* DYAlertMakerTests.swift */,
				B5BFBB821BB78286009960BD /* Info.plist */,
			);
			path = DYAlertMakerTests;
			sourceTree = "<group>";
		};
		B5BFBB8A1BB78286009960BD /* DYAlertMakerUITests */ = {
			isa = PBXGroup;
			children = (
				B5BFBB8B1BB78286009960BD /* DYAlertMakerUITests.swift */,
				B5BFBB8D1BB78286009960BD /* Info.plist */,
			);
			path = DYAlertMakerUITests;
			sourceTree = "<group>";
		};
/* End PBXGroup section */

/* Begin PBXNativeTarget section */
		B5BFBB671BB78286009960BD /* DYAlertMaker */ = {
			isa = PBXNativeTarget;
			buildConfigurationList = B5BFBB901BB78286009960BD /* Build configuration list for PBXNativeTarget "DYAlertMaker" */;
			buildPhases = (
				B5BFBB641BB78286009960BD /* Sources */,
				B5BFBB651BB78286009960BD /* Frameworks */,
				B5BFBB661BB78286009960BD /* Resources */,
			);
			buildRules = (
			);
			dependencies = (
			);
			name = DYAlertMaker;
			productName = DYAlertMaker;
			productReference = B5BFBB681BB78286009960BD /* DYAlertMaker.app */;
			productType = "com.apple.product-type.application";
		};
		B5BFBB7B1BB78286009960BD /* DYAlertMakerTests */ = {
			isa = PBXNativeTarget;
			buildConfigurationList = B5BFBB931BB78286009960BD /* Build configuration list for PBXNativeTarget "DYAlertMakerTests" */;
			buildPhases = (
				B5BFBB781BB78286009960BD /* Sources */,
				B5BFBB791BB78286009960BD /* Frameworks */,
				B5BFBB7A1BB78286009960BD /* Resources */,
			);
			buildRules = (
			);
			dependencies = (
				B5BFBB7E1BB78286009960BD /* PBXTargetDependency */,
			);
			name = DYAlertMakerTests;
			productName = DYAlertMakerTests;
			productReference = B5BFBB7C1BB78286009960BD /* DYAlertMakerTests.xctest */;
			productType = "com.apple.product-type.bundle.unit-test";
		};
		B5BFBB861BB78286009960BD /* DYAlertMakerUITests */ = {
			isa = PBXNativeTarget;
			buildConfigurationList = B5BFBB961BB78286009960BD /* Build configuration list for PBXNativeTarget "DYAlertMakerUITests" */;
			buildPhases = (
				B5BFBB831BB78286009960BD /* Sources */,
				B5BFBB841BB78286009960BD /* Frameworks */,
				B5BFBB851BB78286009960BD /* Resources */,
			);
			buildRules = (
			);
			dependencies = (
				B5BFBB891BB78286009960BD /* PBXTargetDependency */,
			);
			name = DYAlertMakerUITests;
			productName = DYAlertMakerUITests;
			productReference = B5BFBB871BB78286009960BD /* DYAlertMakerUITests.xctest */;
			productType = "com.apple.product-type.bundle.ui-testing";
		};
/* End PBXNativeTarget section */

/* Begin PBXProject section */
		B5BFBB601BB78286009960BD /* Project object */ = {
			isa = PBXProject;
			attributes = {
				LastSwiftUpdateCheck = 0700;
				LastUpgradeCheck = 0700;
				ORGANIZATIONNAME = DannyYassine;
				TargetAttributes = {
					B5BFBB671BB78286009960BD = {
						CreatedOnToolsVersion = 7.0;
					};
					B5BFBB7B1BB78286009960BD = {
						CreatedOnToolsVersion = 7.0;
						TestTargetID = B5BFBB671BB78286009960BD;
					};
					B5BFBB861BB78286009960BD = {
						CreatedOnToolsVersion = 7.0;
						TestTargetID = B5BFBB671BB78286009960BD;
					};
				};
			};
			buildConfigurationList = B5BFBB631BB78286009960BD /* Build configuration list for PBXProject "DYAlertMaker" */;
			compatibilityVersion = "Xcode 3.2";
			developmentRegion = English;
			hasScannedForEncodings = 0;
			knownRegions = (
				en,
				Base,
			);
			mainGroup = B5BFBB5F1BB78286009960BD;
			productRefGroup = B5BFBB691BB78286009960BD /* Products */;
			projectDirPath = "";
			projectRoot = "";
			targets = (
				B5BFBB671BB78286009960BD /* DYAlertMaker */,
				B5BFBB7B1BB78286009960BD /* DYAlertMakerTests */,
				B5BFBB861BB78286009960BD /* DYAlertMakerUITests */,
			);
		};
/* End PBXProject section */

/* Begin PBXResourcesBuildPhase section */
		B5BFBB661BB78286009960BD /* Resources */ = {
			isa = PBXResourcesBuildPhase;
			buildActionMask = 2147483647;
			files = (
				B5BFBB761BB78286009960BD /* LaunchScreen.storyboard in Resources */,
				B5BFBB731BB78286009960BD /* Assets.xcassets in Resources */,
				B5BFBB711BB78286009960BD /* Main.storyboard in Resources */,
			);
			runOnlyForDeploymentPostprocessing = 0;
		};
		B5BFBB7A1BB78286009960BD /* Resources */ = {
			isa = PBXResourcesBuildPhase;
			buildActionMask = 2147483647;
			files = (
			);
			runOnlyForDeploymentPostprocessing = 0;
		};
		B5BFBB851BB78286009960BD /* Resources */ = {
			isa = PBXResourcesBuildPhase;
			buildActionMask = 2147483647;
			files = (
			);
			runOnlyForDeploymentPostprocessing = 0;
		};
/* End PBXResourcesBuildPhase section */

/* Begin PBXSourcesBuildPhase section */
		B5BFBB641BB78286009960BD /* Sources */ = {
			isa = PBXSourcesBuildPhase;
			buildActionMask = 2147483647;
			files = (
				B5BFBB9E1BB78DB3009960BD /* AlertMaker.m in Sources */,
				B5BFBB6E1BB78286009960BD /* ViewController.swift in Sources */,
				B5BFBB6C1BB78286009960BD /* AppDelegate.swift in Sources */,
			);
			runOnlyForDeploymentPostprocessing = 0;
		};
		B5BFBB781BB78286009960BD /* Sources */ = {
			isa = PBXSourcesBuildPhase;
			buildActionMask = 2147483647;
			files = (
				B5BFBB811BB78286009960BD /* DYAlertMakerTests.swift in Sources */,
			);
			runOnlyForDeploymentPostprocessing = 0;
		};
		B5BFBB831BB78286009960BD /* Sources */ = {
			isa = PBXSourcesBuildPhase;
			buildActionMask = 2147483647;
			files = (
				B5BFBB8C1BB78286009960BD /* DYAlertMakerUITests.swift in Sources */,
			);
			runOnlyForDeploymentPostprocessing = 0;
		};
/* End PBXSourcesBuildPhase section */

/* Begin PBXTargetDependency section */
		B5BFBB7E1BB78286009960BD /* PBXTargetDependency */ = {
			isa = PBXTargetDependency;
			target = B5BFBB671BB78286009960BD /* DYAlertMaker */;
			targetProxy = B5BFBB7D1BB78286009960BD /* PBXContainerItemProxy */;
		};
		B5BFBB891BB78286009960BD /* PBXTargetDependency */ = {
			isa = PBXTargetDependency;
			target = B5BFBB671BB78286009960BD /* DYAlertMaker */;
			targetProxy = B5BFBB881BB78286009960BD /* PBXContainerItemProxy */;
		};
/* End PBXTargetDependency section */

/* Begin PBXVariantGroup section */
		B5BFBB6F1BB78286009960BD /* Main.storyboard */ = {
			isa = PBXVariantGroup;
			children = (
				B5BFBB701BB78286009960BD /* Base */,
			);
			name = Main.storyboard;
			sourceTree = "<group>";
		};
		B5BFBB741BB78286009960BD /* LaunchScreen.storyboard */ = {
			isa = PBXVariantGroup;
			children = (
				B5BFBB751BB78286009960BD /* Base */,
			);
			name = LaunchScreen.storyboard;
			sourceTree = "<group>";
		};
/* End PBXVariantGroup section */

/* Begin XCBuildConfiguration section */
		B5BFBB8E1BB78286009960BD /* Debug */ = {
			isa = XCBuildConfiguration;
			buildSettings = {
				ALWAYS_SEARCH_USER_PATHS = NO;
				CLANG_CXX_LANGUAGE_STANDARD = "gnu++0x";
				CLANG_CXX_LIBRARY = "libc++";
				CLANG_ENABLE_MODULES = YES;
				CLANG_ENABLE_OBJC_ARC = YES;
				CLANG_WARN_BOOL_CONVERSION = YES;
				CLANG_WARN_CONSTANT_CONVERSION = YES;
				CLANG_WARN_DIRECT_OBJC_ISA_USAGE = YES_ERROR;
				CLANG_WARN_EMPTY_BODY = YES;
				CLANG_WARN_ENUM_CONVERSION = YES;
				CLANG_WARN_INT_CONVERSION = YES;
				CLANG_WARN_OBJC_ROOT_CLASS = YES_ERROR;
				CLANG_WARN_UNREACHABLE_CODE = YES;
				CLANG_WARN__DUPLICATE_METHOD_MATCH = YES;
				"CODE_SIGN_IDENTITY[sdk=iphoneos*]" = "iPhone Developer";
				COPY_PHASE_STRIP = NO;
				DEBUG_INFORMATION_FORMAT = dwarf;
				ENABLE_STRICT_OBJC_MSGSEND = YES;
				ENABLE_TESTABILITY = YES;
				GCC_C_LANGUAGE_STANDARD = gnu99;
				GCC_DYNAMIC_NO_PIC = NO;
				GCC_NO_COMMON_BLOCKS = YES;
				GCC_OPTIMIZATION_LEVEL = 0;
				GCC_PREPROCESSOR_DEFINITIONS = (
					"DEBUG=1",
					"$(inherited)",
				);
				GCC_WARN_64_TO_32_BIT_CONVERSION = YES;
				GCC_WARN_ABOUT_RETURN_TYPE = YES_ERROR;
				GCC_WARN_UNDECLARED_SELECTOR = YES;
				GCC_WARN_UNINITIALIZED_AUTOS = YES_AGGRESSIVE;
				GCC_WARN_UNUSED_FUNCTION = YES;
				GCC_WARN_UNUSED_VARIABLE = YES;
				IPHONEOS_DEPLOYMENT_TARGET = 9.0;
				MTL_ENABLE_DEBUG_INFO = YES;
				ONLY_ACTIVE_ARCH = YES;
				SDKROOT = iphoneos;
				SWIFT_OPTIMIZATION_LEVEL = "-Onone";
			};
			name = Debug;
		};
		B5BFBB8F1BB78286009960BD /* Release */ = {
			isa = XCBuildConfiguration;
			buildSettings = {
				ALWAYS_SEARCH_USER_PATHS = NO;
				CLANG_CXX_LANGUAGE_STANDARD = "gnu++0x";
				CLANG_CXX_LIBRARY = "libc++";
				CLANG_ENABLE_MODULES = YES;
				CLANG_ENABLE_OBJC_ARC = YES;
				CLANG_WARN_BOOL_CONVERSION = YES;
				CLANG_WARN_CONSTANT_CONVERSION = YES;
				CLANG_WARN_DIRECT_OBJC_ISA_USAGE = YES_ERROR;
				CLANG_WARN_EMPTY_BODY = YES;
				CLANG_WARN_ENUM_CONVERSION = YES;
				CLANG_WARN_INT_CONVERSION = YES;
				CLANG_WARN_OBJC_ROOT_CLASS = YES_ERROR;
				CLANG_WARN_UNREACHABLE_CODE = YES;
				CLANG_WARN__DUPLICATE_METHOD_MATCH = YES;
				"CODE_SIGN_IDENTITY[sdk=iphoneos*]" = "iPhone Developer";
				COPY_PHASE_STRIP = NO;
				DEBUG_INFORMATION_FORMAT = "dwarf-with-dsym";
				ENABLE_NS_ASSERTIONS = NO;
				ENABLE_STRICT_OBJC_MSGSEND = YES;
				GCC_C_LANGUAGE_STANDARD = gnu99;
				GCC_NO_COMMON_BLOCKS = YES;
				GCC_WARN_64_TO_32_BIT_CONVERSION = YES;
				GCC_WARN_ABOUT_RETURN_TYPE = YES_ERROR;
				GCC_WARN_UNDECLARED_SELECTOR = YES;
				GCC_WARN_UNINITIALIZED_AUTOS = YES_AGGRESSIVE;
				GCC_WARN_UNUSED_FUNCTION = YES;
				GCC_WARN_UNUSED_VARIABLE = YES;
				IPHONEOS_DEPLOYMENT_TARGET = 9.0;
				MTL_ENABLE_DEBUG_INFO = NO;
				SDKROOT = iphoneos;
				VALIDATE_PRODUCT = YES;
			};
			name = Release;
		};
		B5BFBB911BB78286009960BD /* Debug */ = {
			isa = XCBuildConfiguration;
			buildSettings = {
				ASSETCATALOG_COMPILER_APPICON_NAME = AppIcon;
				CLANG_ENABLE_MODULES = YES;
				INFOPLIST_FILE = DYAlertMaker/Info.plist;
				LD_RUNPATH_SEARCH_PATHS = "$(inherited) @executable_path/Frameworks";
				PRODUCT_BUNDLE_IDENTIFIER = DY.DYAlertMaker;
				PRODUCT_NAME = "$(TARGET_NAME)";
				SWIFT_OBJC_BRIDGING_HEADER = "DYAlertMaker/DYAlertMaker-Bridging-Header.h";
				SWIFT_OPTIMIZATION_LEVEL = "-Onone";
			};
			name = Debug;
		};
		B5BFBB921BB78286009960BD /* Release */ = {
			isa = XCBuildConfiguration;
			buildSettings = {
				ASSETCATALOG_COMPILER_APPICON_NAME = AppIcon;
				CLANG_ENABLE_MODULES = YES;
				INFOPLIST_FILE = DYAlertMaker/Info.plist;
				LD_RUNPATH_SEARCH_PATHS = "$(inherited) @executable_path/Frameworks";
				PRODUCT_BUNDLE_IDENTIFIER = DY.DYAlertMaker;
				PRODUCT_NAME = "$(TARGET_NAME)";
				SWIFT_OBJC_BRIDGING_HEADER = "DYAlertMaker/DYAlertMaker-Bridging-Header.h";
			};
			name = Release;
		};
		B5BFBB941BB78286009960BD /* Debug */ = {
			isa = XCBuildConfiguration;
			buildSettings = {
				BUNDLE_LOADER = "$(TEST_HOST)";
				INFOPLIST_FILE = DYAlertMakerTests/Info.plist;
				LD_RUNPATH_SEARCH_PATHS = "$(inherited) @executable_path/Frameworks @loader_path/Frameworks";
				PRODUCT_BUNDLE_IDENTIFIER = DY.DYAlertMakerTests;
				PRODUCT_NAME = "$(TARGET_NAME)";
				TEST_HOST = "$(BUILT_PRODUCTS_DIR)/DYAlertMaker.app/DYAlertMaker";
			};
			name = Debug;
		};
		B5BFBB951BB78286009960BD /* Release */ = {
			isa = XCBuildConfiguration;
			buildSettings = {
				BUNDLE_LOADER = "$(TEST_HOST)";
				INFOPLIST_FILE = DYAlertMakerTests/Info.plist;
				LD_RUNPATH_SEARCH_PATHS = "$(inherited) @executable_path/Frameworks @loader_path/Frameworks";
				PRODUCT_BUNDLE_IDENTIFIER = DY.DYAlertMakerTests;
				PRODUCT_NAME = "$(TARGET_NAME)";
				TEST_HOST = "$(BUILT_PRODUCTS_DIR)/DYAlertMaker.app/DYAlertMaker";
			};
			name = Release;
		};
		B5BFBB971BB78286009960BD /* Debug */ = {
			isa = XCBuildConfiguration;
			buildSettings = {
				INFOPLIST_FILE = DYAlertMakerUITests/Info.plist;
				LD_RUNPATH_SEARCH_PATHS = "$(inherited) @executable_path/Frameworks @loader_path/Frameworks";
				PRODUCT_BUNDLE_IDENTIFIER = DY.DYAlertMakerUITests;
				PRODUCT_NAME = "$(TARGET_NAME)";
				TEST_TARGET_NAME = DYAlertMaker;
				USES_XCTRUNNER = YES;
			};
			name = Debug;
		};
		B5BFBB981BB78286009960BD /* Release */ = {
			isa = XCBuildConfiguration;
			buildSettings = {
				INFOPLIST_FILE = DYAlertMakerUITests/Info.plist;
				LD_RUNPATH_SEARCH_PATHS = "$(inherited) @executable_path/Frameworks @loader_path/Frameworks";
				PRODUCT_BUNDLE_IDENTIFIER = DY.DYAlertMakerUITests;
				PRODUCT_NAME = "$(TARGET_NAME)";
				TEST_TARGET_NAME = DYAlertMaker;
				USES_XCTRUNNER = YES;
			};
			name = Release;
		};
/* End XCBuildConfiguration section */

/* Begin XCConfigurationList section */
		B5BFBB631BB78286009960BD /* Build configuration list for PBXProject "DYAlertMaker" */ = {
			isa = XCConfigurationList;
			buildConfigurations = (
				B5BFBB8E1BB78286009960BD /* Debug */,
				B5BFBB8F1BB78286009960BD /* Release */,
			);
			defaultConfigurationIsVisible = 0;
			defaultConfigurationName = Release;
		};
		B5BFBB901BB78286009960BD /* Build configuration list for PBXNativeTarget "DYAlertMaker" */ = {
			isa = XCConfigurationList;
			buildConfigurations = (
				B5BFBB911BB78286009960BD /* Debug */,
				B5BFBB921BB78286009960BD /* Release */,
			);
			defaultConfigurationIsVisible = 0;
			defaultConfigurationName = Release;
		};
		B5BFBB931BB78286009960BD /* Build configuration list for PBXNativeTarget "DYAlertMakerTests" */ = {
			isa = XCConfigurationList;
			buildConfigurations = (
				B5BFBB941BB78286009960BD /* Debug */,
				B5BFBB951BB78286009960BD /* Release */,
			);
			defaultConfigurationIsVisible = 0;
			defaultConfigurationName = Release;
		};
		B5BFBB961BB78286009960BD /* Build configuration list for PBXNativeTarget "DYAlertMakerUITests" */ = {
			isa = XCConfigurationList;
			buildConfigurations = (
				B5BFBB971BB78286009960BD /* Debug */,
				B5BFBB981BB78286009960BD /* Release */,
			);
			defaultConfigurationIsVisible = 0;
			defaultConfigurationName = Release;
		};
/* End XCConfigurationList section */
	};
	rootObject = B5BFBB601BB78286009960BD /* Project object */;
}
